
Microsoft Visual Studio Solution File, Format Version 12.00
# Visual Studio Version 16
VisualStudioVersion = 16.0.31019.35
MinimumVisualStudioVersion = 10.0.40219.1
Project("{FAE04EC0-301F-11D3-BF4B-00C04F79EFBC}") = "WeekExam2", "WeekExam2\WeekExam2.csproj", "{50AD3D58-CA98-4734-A00A-75CD71454059}"
EndProject
Global
	GlobalSection(SolutionConfigurationPlatforms) = preSolution
		Debug|Any CPU = Debug|Any CPU
		Release|Any CPU = Release|Any CPU
	EndGlobalSection
	GlobalSection(ProjectConfigurationPlatforms) = postSolution
		{50AD3D58-CA98-4734-A00A-75CD71454059}.Debug|Any CPU.ActiveCfg = Debug|Any CPU
		{50AD3D58-CA98-4734-A00A-75CD71454059}.Debug|Any CPU.Build.0 = Debug|Any CPU
		{50AD3D58-CA98-4734-A00A-75CD71454059}.Release|Any CPU.ActiveCfg = Release|Any CPU
		{50AD3D58-CA98-4734-A00A-75CD71454059}.Release|Any CPU.Build.0 = Release|Any CPU
	EndGlobalSection
	GlobalSection(SolutionProperties) = preSolution
		HideSolutionNode = FALSE
	EndGlobalSection
	GlobalSection(ExtensibilityGlobals) = postSolution
		SolutionGuid = {9C956E6C-2F83-4582-9339-8FC448F1F754}
	EndGlobalSection
EndGlobal
